
Microsoft Visual Studio Solution File, Format Version 12.00
# Visual Studio Version 17
VisualStudioVersion = 17.0.31919.166
MinimumVisualStudioVersion = 10.0.40219.1
Project("{FAE04EC0-301F-11D3-BF4B-00C04F79EFBC}") = "WBA-WLP", "WBA-WLP\WBA-WLP.csproj", "{2B3F5DC4-0182-4D2C-8EB9-C7441E3E938C}"
EndProject
Global
	GlobalSection(SolutionConfigurationPlatforms) = preSolution
		Debug|Any CPU = Debug|Any CPU
		Release|Any CPU = Release|Any CPU
	EndGlobalSection
	GlobalSection(ProjectConfigurationPlatforms) = postSolution
		{2B3F5DC4-0182-4D2C-8EB9-C7441E3E938C}.Debug|Any CPU.ActiveCfg = Debug|Any CPU
		{2B3F5DC4-0182-4D2C-8EB9-C7441E3E938C}.Debug|Any CPU.Build.0 = Debug|Any CPU
		{2B3F5DC4-0182-4D2C-8EB9-C7441E3E938C}.Release|Any CPU.ActiveCfg = Release|Any CPU
		{2B3F5DC4-0182-4D2C-8EB9-C7441E3E938C}.Release|Any CPU.Build.0 = Release|Any CPU
	EndGlobalSection
	GlobalSection(SolutionProperties) = preSolution
		HideSolutionNode = FALSE
	EndGlobalSection
	GlobalSection(ExtensibilityGlobals) = postSolution
		SolutionGuid = {C1AA5348-BBD8-4A0B-9FA6-DEEBDE498114}
	EndGlobalSection
EndGlobal
